
Microsoft Visual Studio Solution File, Format Version 12.00
# Visual Studio 15
VisualStudioVersion = 15.0.26430.6
MinimumVisualStudioVersion = 10.0.40219.1
Project("{FAE04EC0-301F-11D3-BF4B-00C04F79EFBC}") = "G1ANT.Addon.Watson", "G1ANT.Addon.Watson\G1ANT.Addon.Watson.csproj", "{D955D12E-6054-424F-AD2F-4FBBDD0F0238}"
EndProject
Project("{FAE04EC0-301F-11D3-BF4B-00C04F79EFBC}") = "G1ANT.Addon.Watson.Tests", "G1ANT.Addon.Watson.Tests\G1ANT.Addon.Watson.Tests.csproj", "{8941ED70-D9C9-46F6-9229-1DA807645B3A}"
EndProject
Global
	GlobalSection(SolutionConfigurationPlatforms) = preSolution
		AutomatedDebug|Any CPU = AutomatedDebug|Any CPU
		Debug (.Net 4.0)|Any CPU = Debug (.Net 4.0)|Any CPU
		Debug|Any CPU = Debug|Any CPU
		Release (.Net 4.0)|Any CPU = Release (.Net 4.0)|Any CPU
		Release|Any CPU = Release|Any CPU
	EndGlobalSection
	GlobalSection(ProjectConfigurationPlatforms) = postSolution
		{D955D12E-6054-424F-AD2F-4FBBDD0F0238}.AutomatedDebug|Any CPU.ActiveCfg = Debug|Any CPU
		{D955D12E-6054-424F-AD2F-4FBBDD0F0238}.AutomatedDebug|Any CPU.Build.0 = Debug|Any CPU
		{D955D12E-6054-424F-AD2F-4FBBDD0F0238}.Debug (.Net 4.0)|Any CPU.ActiveCfg = Debug|Any CPU
		{D955D12E-6054-424F-AD2F-4FBBDD0F0238}.Debug (.Net 4.0)|Any CPU.Build.0 = Debug|Any CPU
		{D955D12E-6054-424F-AD2F-4FBBDD0F0238}.Debug|Any CPU.ActiveCfg = Debug|Any CPU
		{D955D12E-6054-424F-AD2F-4FBBDD0F0238}.Debug|Any CPU.Build.0 = Debug|Any CPU
		{D955D12E-6054-424F-AD2F-4FBBDD0F0238}.Release (.Net 4.0)|Any CPU.ActiveCfg = Release|Any CPU
		{D955D12E-6054-424F-AD2F-4FBBDD0F0238}.Release (.Net 4.0)|Any CPU.Build.0 = Release|Any CPU
		{D955D12E-6054-424F-AD2F-4FBBDD0F0238}.Release|Any CPU.ActiveCfg = Release|Any CPU
		{D955D12E-6054-424F-AD2F-4FBBDD0F0238}.Release|Any CPU.Build.0 = Release|Any CPU
		{8941ED70-D9C9-46F6-9229-1DA807645B3A}.AutomatedDebug|Any CPU.ActiveCfg = Debug|Any CPU
		{8941ED70-D9C9-46F6-9229-1DA807645B3A}.AutomatedDebug|Any CPU.Build.0 = Debug|Any CPU
		{8941ED70-D9C9-46F6-9229-1DA807645B3A}.Debug (.Net 4.0)|Any CPU.ActiveCfg = Debug|Any CPU
		{8941ED70-D9C9-46F6-9229-1DA807645B3A}.Debug (.Net 4.0)|Any CPU.Build.0 = Debug|Any CPU
		{8941ED70-D9C9-46F6-9229-1DA807645B3A}.Debug|Any CPU.ActiveCfg = Debug|Any CPU
		{8941ED70-D9C9-46F6-9229-1DA807645B3A}.Debug|Any CPU.Build.0 = Debug|Any CPU
		{8941ED70-D9C9-46F6-9229-1DA807645B3A}.Release (.Net 4.0)|Any CPU.ActiveCfg = Release|Any CPU
		{8941ED70-D9C9-46F6-9229-1DA807645B3A}.Release (.Net 4.0)|Any CPU.Build.0 = Release|Any CPU
		{8941ED70-D9C9-46F6-9229-1DA807645B3A}.Release|Any CPU.ActiveCfg = Release|Any CPU
		{8941ED70-D9C9-46F6-9229-1DA807645B3A}.Release|Any CPU.Build.0 = Release|Any CPU
	EndGlobalSection
	GlobalSection(SolutionProperties) = preSolution
		HideSolutionNode = FALSE
	EndGlobalSection
	GlobalSection(ExtensibilityGlobals) = postSolution
		SolutionGuid = {26D1A627-AA6A-444B-956E-FA70B6D3CAB1}
	EndGlobalSection
EndGlobal
